
Microsoft Visual Studio Solution File, Format Version 12.00
# Visual Studio Version 17
VisualStudioVersion = 17.5.002.0
MinimumVisualStudioVersion = 10.0.40219.1
Project("{9A19103F-16F7-4668-BE54-9A1E7A4F7556}") = "EmailServiceApi", "EmailServiceApi.csproj", "{DD7F6F89-1743-46AE-B1B9-31E595952D74}"
EndProject
Global
	GlobalSection(SolutionConfigurationPlatforms) = preSolution
		Debug|Any CPU = Debug|Any CPU
		Release|Any CPU = Release|Any CPU
	EndGlobalSection
	GlobalSection(ProjectConfigurationPlatforms) = postSolution
		{DD7F6F89-1743-46AE-B1B9-31E595952D74}.Debug|Any CPU.ActiveCfg = Debug|Any CPU
		{DD7F6F89-1743-46AE-B1B9-31E595952D74}.Debug|Any CPU.Build.0 = Debug|Any CPU
		{DD7F6F89-1743-46AE-B1B9-31E595952D74}.Release|Any CPU.ActiveCfg = Release|Any CPU
		{DD7F6F89-1743-46AE-B1B9-31E595952D74}.Release|Any CPU.Build.0 = Release|Any CPU
	EndGlobalSection
	GlobalSection(SolutionProperties) = preSolution
		HideSolutionNode = FALSE
	EndGlobalSection
	GlobalSection(ExtensibilityGlobals) = postSolution
		SolutionGuid = {79255FD7-D9CE-4170-ABB8-343647283730}
	EndGlobalSection
EndGlobal
